
Microsoft Visual Studio Solution File, Format Version 12.00
# Visual Studio Version 17
VisualStudioVersion = 17.10.35013.160
MinimumVisualStudioVersion = 10.0.40219.1
Project("{9A19103F-16F7-4668-BE54-9A1E7A4F7556}") = "Astro.Server", "Astro.Server\Astro.Server.csproj", "{ECF631CC-9012-4FD4-A2C3-6B04F6DF4E7C}"
	ProjectSection(ProjectDependencies) = postProject
		{4A18BBCB-93F8-42E0-8F9D-0DE7A4D1B23E} = {4A18BBCB-93F8-42E0-8F9D-0DE7A4D1B23E}
		{625D9F56-5910-4A9C-91B8-F71DEDBD1408} = {625D9F56-5910-4A9C-91B8-F71DEDBD1408}
	EndProjectSection
EndProject
Project("{9A19103F-16F7-4668-BE54-9A1E7A4F7556}") = "Astro.Data", "Astro.Data\Astro.Data.csproj", "{4A18BBCB-93F8-42E0-8F9D-0DE7A4D1B23E}"
EndProject
Project("{9A19103F-16F7-4668-BE54-9A1E7A4F7556}") = "Astro", "Astro.Objects\Astro.csproj", "{625D9F56-5910-4A9C-91B8-F71DEDBD1408}"
EndProject
Project("{9A19103F-16F7-4668-BE54-9A1E7A4F7556}") = "Astro.DbInitialializer", "Initializer\Astro.DbInitialializer.csproj", "{5DA44301-1752-4B5F-9BEB-5D7ED3740CDD}"
	ProjectSection(ProjectDependencies) = postProject
		{4A18BBCB-93F8-42E0-8F9D-0DE7A4D1B23E} = {4A18BBCB-93F8-42E0-8F9D-0DE7A4D1B23E}
		{625D9F56-5910-4A9C-91B8-F71DEDBD1408} = {625D9F56-5910-4A9C-91B8-F71DEDBD1408}
	EndProjectSection
EndProject
Project("{9A19103F-16F7-4668-BE54-9A1E7A4F7556}") = "Astro.Winform", "Astro.Winform\Astro.Winform.csproj", "{783EE715-4D35-4319-9278-1686D23E76E8}"
	ProjectSection(ProjectDependencies) = postProject
		{4A18BBCB-93F8-42E0-8F9D-0DE7A4D1B23E} = {4A18BBCB-93F8-42E0-8F9D-0DE7A4D1B23E}
		{625D9F56-5910-4A9C-91B8-F71DEDBD1408} = {625D9F56-5910-4A9C-91B8-F71DEDBD1408}
	EndProjectSection
EndProject
Project("{E24C65DC-7377-472B-9ABA-BC803B73C61A}") = "wwwroot", "bin\Release\net8.0\wwwroot\", "{1CD11762-66FD-4FE9-9DE7-BC855ACE2170}"
	ProjectSection(WebsiteProperties) = preProject
		TargetFrameworkMoniker = ".NETFramework,Version%3Dv4.8"
		Debug.AspNetCompiler.VirtualPath = "/localhost_53344"
		Debug.AspNetCompiler.PhysicalPath = "bin\Release\net8.0\wwwroot\"
		Debug.AspNetCompiler.TargetPath = "PrecompiledWeb\localhost_53344\"
		Debug.AspNetCompiler.Updateable = "true"
		Debug.AspNetCompiler.ForceOverwrite = "true"
		Debug.AspNetCompiler.FixedNames = "false"
		Debug.AspNetCompiler.Debug = "True"
		Release.AspNetCompiler.VirtualPath = "/localhost_53344"
		Release.AspNetCompiler.PhysicalPath = "bin\Release\net8.0\wwwroot\"
		Release.AspNetCompiler.TargetPath = "PrecompiledWeb\localhost_53344\"
		Release.AspNetCompiler.Updateable = "true"
		Release.AspNetCompiler.ForceOverwrite = "true"
		Release.AspNetCompiler.FixedNames = "false"
		Release.AspNetCompiler.Debug = "False"
		VWDPort = "53344"
		SlnRelativePath = "bin\Release\net8.0\wwwroot\"
	EndProjectSection
EndProject
Project("{9A19103F-16F7-4668-BE54-9A1E7A4F7556}") = "Astro.Stream", "Astro.Stream\Astro.Stream.csproj", "{29357D67-7DFF-4827-A36F-6FE701F5DEA2}"
EndProject
Global
	GlobalSection(SolutionConfigurationPlatforms) = preSolution
		Debug|Any CPU = Debug|Any CPU
		Release|Any CPU = Release|Any CPU
	EndGlobalSection
	GlobalSection(ProjectConfigurationPlatforms) = postSolution
		{ECF631CC-9012-4FD4-A2C3-6B04F6DF4E7C}.Debug|Any CPU.ActiveCfg = Debug|Any CPU
		{ECF631CC-9012-4FD4-A2C3-6B04F6DF4E7C}.Debug|Any CPU.Build.0 = Debug|Any CPU
		{ECF631CC-9012-4FD4-A2C3-6B04F6DF4E7C}.Release|Any CPU.ActiveCfg = Release|Any CPU
		{ECF631CC-9012-4FD4-A2C3-6B04F6DF4E7C}.Release|Any CPU.Build.0 = Release|Any CPU
		{4A18BBCB-93F8-42E0-8F9D-0DE7A4D1B23E}.Debug|Any CPU.ActiveCfg = Debug|Any CPU
		{4A18BBCB-93F8-42E0-8F9D-0DE7A4D1B23E}.Debug|Any CPU.Build.0 = Debug|Any CPU
		{4A18BBCB-93F8-42E0-8F9D-0DE7A4D1B23E}.Release|Any CPU.ActiveCfg = Release|Any CPU
		{4A18BBCB-93F8-42E0-8F9D-0DE7A4D1B23E}.Release|Any CPU.Build.0 = Release|Any CPU
		{625D9F56-5910-4A9C-91B8-F71DEDBD1408}.Debug|Any CPU.ActiveCfg = Debug|Any CPU
		{625D9F56-5910-4A9C-91B8-F71DEDBD1408}.Debug|Any CPU.Build.0 = Debug|Any CPU
		{625D9F56-5910-4A9C-91B8-F71DEDBD1408}.Release|Any CPU.ActiveCfg = Release|Any CPU
		{625D9F56-5910-4A9C-91B8-F71DEDBD1408}.Release|Any CPU.Build.0 = Release|Any CPU
		{5DA44301-1752-4B5F-9BEB-5D7ED3740CDD}.Debug|Any CPU.ActiveCfg = Debug|Any CPU
		{5DA44301-1752-4B5F-9BEB-5D7ED3740CDD}.Debug|Any CPU.Build.0 = Debug|Any CPU
		{5DA44301-1752-4B5F-9BEB-5D7ED3740CDD}.Release|Any CPU.ActiveCfg = Release|Any CPU
		{5DA44301-1752-4B5F-9BEB-5D7ED3740CDD}.Release|Any CPU.Build.0 = Release|Any CPU
		{783EE715-4D35-4319-9278-1686D23E76E8}.Debug|Any CPU.ActiveCfg = Debug|Any CPU
		{783EE715-4D35-4319-9278-1686D23E76E8}.Debug|Any CPU.Build.0 = Debug|Any CPU
		{783EE715-4D35-4319-9278-1686D23E76E8}.Release|Any CPU.ActiveCfg = Release|Any CPU
		{783EE715-4D35-4319-9278-1686D23E76E8}.Release|Any CPU.Build.0 = Release|Any CPU
		{1CD11762-66FD-4FE9-9DE7-BC855ACE2170}.Debug|Any CPU.ActiveCfg = Debug|Any CPU
		{1CD11762-66FD-4FE9-9DE7-BC855ACE2170}.Debug|Any CPU.Build.0 = Debug|Any CPU
		{1CD11762-66FD-4FE9-9DE7-BC855ACE2170}.Release|Any CPU.ActiveCfg = Debug|Any CPU
		{1CD11762-66FD-4FE9-9DE7-BC855ACE2170}.Release|Any CPU.Build.0 = Debug|Any CPU
		{29357D67-7DFF-4827-A36F-6FE701F5DEA2}.Debug|Any CPU.ActiveCfg = Debug|Any CPU
		{29357D67-7DFF-4827-A36F-6FE701F5DEA2}.Debug|Any CPU.Build.0 = Debug|Any CPU
		{29357D67-7DFF-4827-A36F-6FE701F5DEA2}.Release|Any CPU.ActiveCfg = Release|Any CPU
		{29357D67-7DFF-4827-A36F-6FE701F5DEA2}.Release|Any CPU.Build.0 = Release|Any CPU
	EndGlobalSection
	GlobalSection(SolutionProperties) = preSolution
		HideSolutionNode = FALSE
	EndGlobalSection
	GlobalSection(ExtensibilityGlobals) = postSolution
		SolutionGuid = {137B0E36-1359-485D-925A-8092FCB3F622}
	EndGlobalSection
EndGlobal
